
Microsoft Visual Studio Solution File, Format Version 12.00
# Visual Studio 14
VisualStudioVersion = 14.0.25420.1
MinimumVisualStudioVersion = 10.0.40219.1
Project("{FAE04EC0-301F-11D3-BF4B-00C04F79EFBC}") = "DataStructures.Core", "DataStructures.Core\DataStructures.Core.csproj", "{EF645A39-AA29-4F5A-8C91-6D8C2443A0C3}"
EndProject
Project("{FAE04EC0-301F-11D3-BF4B-00C04F79EFBC}") = "DataStructures.App", "DataStructures.App\DataStructures.App.csproj", "{140832C5-5813-4CCE-86DA-275B33768352}"
EndProject
Project("{FAE04EC0-301F-11D3-BF4B-00C04F79EFBC}") = "DataStructures.Tests", "DataStructures.Tests\DataStructures.Tests.csproj", "{601D438F-EBA1-40A0-9AB2-D2555DF2A707}"
EndProject
Global
	GlobalSection(SolutionConfigurationPlatforms) = preSolution
		Debug|Any CPU = Debug|Any CPU
		Release|Any CPU = Release|Any CPU
	EndGlobalSection
	GlobalSection(ProjectConfigurationPlatforms) = postSolution
		{EF645A39-AA29-4F5A-8C91-6D8C2443A0C3}.Debug|Any CPU.ActiveCfg = Debug|Any CPU
		{EF645A39-AA29-4F5A-8C91-6D8C2443A0C3}.Debug|Any CPU.Build.0 = Debug|Any CPU
		{EF645A39-AA29-4F5A-8C91-6D8C2443A0C3}.Release|Any CPU.ActiveCfg = Release|Any CPU
		{EF645A39-AA29-4F5A-8C91-6D8C2443A0C3}.Release|Any CPU.Build.0 = Release|Any CPU
		{140832C5-5813-4CCE-86DA-275B33768352}.Debug|Any CPU.ActiveCfg = Debug|Any CPU
		{140832C5-5813-4CCE-86DA-275B33768352}.Debug|Any CPU.Build.0 = Debug|Any CPU
		{140832C5-5813-4CCE-86DA-275B33768352}.Release|Any CPU.ActiveCfg = Release|Any CPU
		{140832C5-5813-4CCE-86DA-275B33768352}.Release|Any CPU.Build.0 = Release|Any CPU
		{601D438F-EBA1-40A0-9AB2-D2555DF2A707}.Debug|Any CPU.ActiveCfg = Debug|Any CPU
		{601D438F-EBA1-40A0-9AB2-D2555DF2A707}.Debug|Any CPU.Build.0 = Debug|Any CPU
		{601D438F-EBA1-40A0-9AB2-D2555DF2A707}.Release|Any CPU.ActiveCfg = Release|Any CPU
		{601D438F-EBA1-40A0-9AB2-D2555DF2A707}.Release|Any CPU.Build.0 = Release|Any CPU
	EndGlobalSection
	GlobalSection(SolutionProperties) = preSolution
		HideSolutionNode = FALSE
	EndGlobalSection
EndGlobal
